{
  "name": "vue-project",
  "version": "0.0.0",
  "lockfileVersion": 2,
  "requires": true,
  "packages": {
    "": {
      "name": "vue-project",
      "version": "0.0.0",
      "dependencies": {
        "allen-form": "^0.0.4",
        "element-plus": "^2.7.6",
        "vue": "^3.4.29"
      },
      "devDependencies": {
        "@tsconfig/node20": "^20.1.4",
        "@types/node": "^20.14.5",
        "@vitejs/plugin-vue": "^5.0.5",
        "@vue/tsconfig": "^0.5.1",
        "npm-run-all2": "^6.2.0",
        "typescript": "~5.4.0",
        "vite": "^5.3.1",
        "vue-tsc": "^2.0.21"
      }
    },
    "node_modules/@babel/parser": {
      "version": "7.24.7",
      "license": "MIT",
      "bin": {
        "parser": "bin/babel-parser.js"
      },
      "engines": {
        "node": ">=6.0.0"
      }
    },
    "node_modules/@ctrl/tinycolor": {
      "version": "3.6.1",
      "license": "MIT",
      "engines": {
        "node": ">=10"
      }
    },
    "node_modules/@element-plus/icons-vue": {
      "version": "1.1.4",
      "license": "MIT",
      "peerDependencies": {
        "vue": "^3.2.0"
      }
    },
    "node_modules/@esbuild/win32-x64": {
      "version": "0.21.5",
      "cpu": [
        "x64"
      ],
      "dev": true,
      "license": "MIT",
      "optional": true,
      "os": [
        "win32"
      ],
      "engines": {
        "node": ">=12"
      }
    },
    "node_modules/@floating-ui/core": {
      "version": "1.6.4",
      "license": "MIT",
      "dependencies": {
        "@floating-ui/utils": "^0.2.4"
      }
    },
    "node_modules/@floating-ui/dom": {
      "version": "1.6.7",
      "license": "MIT",
      "dependencies": {
        "@floating-ui/core": "^1.6.0",
        "@floating-ui/utils": "^0.2.4"
      }
    },
    "node_modules/@floating-ui/utils": {
      "version": "0.2.4",
      "license": "MIT"
    },
    "node_modules/@formily/core": {
      "version": "2.3.2",
      "license": "MIT",
      "dependencies": {
        "@formily/reactive": "2.3.2",
        "@formily/shared": "2.3.2",
        "@formily/validator": "2.3.2"
      },
      "engines": {
        "npm": ">=3.0.0"
      }
    },
    "node_modules/@formily/element-plus": {
      "version": "1.1.0-beta.1",
      "license": "MIT",
      "dependencies": {
        "@element-plus/icons-vue": "^1.1.1",
        "@formily/core": "^2.0.20",
        "@formily/grid": "^2.0.20",
        "@formily/json-schema": "^2.0.20",
        "@formily/reactive": "^2.0.20",
        "@formily/reactive-vue": "^2.0.20",
        "@formily/shared": "^2.0.20",
        "@formily/vue": "^2.0.20",
        "element-plus": "^2.4.0",
        "resize-observer-polyfill": "^1.5.1",
        "vue-slicksort": "^1.2.0",
        "vuedraggable": "^4.1.0"
      },
      "engines": {
        "npm": ">=3.0.0"
      },
      "peerDependencies": {
        "vue": "^3.2.24"
      }
    },
    "node_modules/@formily/grid": {
      "version": "2.3.2",
      "license": "MIT",
      "dependencies": {
        "@formily/reactive": "2.3.2",
        "@juggle/resize-observer": "^3.3.1"
      },
      "engines": {
        "npm": ">=3.0.0"
      },
      "peerDependencies": {
        "typescript": "4.x || 5.x"
      }
    },
    "node_modules/@formily/json-schema": {
      "version": "2.3.2",
      "license": "MIT",
      "dependencies": {
        "@formily/core": "2.3.2",
        "@formily/reactive": "2.3.2",
        "@formily/shared": "2.3.2"
      },
      "engines": {
        "npm": ">=3.0.0"
      },
      "peerDependencies": {
        "typescript": ">4.1.5"
      }
    },
    "node_modules/@formily/path": {
      "version": "2.3.2",
      "license": "MIT",
      "engines": {
        "npm": ">=3.0.0"
      }
    },
    "node_modules/@formily/reactive": {
      "version": "2.3.2",
      "license": "MIT",
      "engines": {
        "npm": ">=3.0.0"
      }
    },
    "node_modules/@formily/reactive-vue": {
      "version": "2.3.2",
      "license": "MIT",
      "dependencies": {
        "@formily/reactive": "2.3.2",
        "vue-demi": ">=0.13.6"
      },
      "engines": {
        "npm": ">=3.0.0"
      },
      "peerDependencies": {
        "@vue/composition-api": "^1.0.0-beta.1",
        "vue": "^2.6.0 || >=3.0.0-rc.0"
      },
      "peerDependenciesMeta": {
        "@vue/composition-api": {
          "optional": true
        }
      }
    },
    "node_modules/@formily/reactive-vue/node_modules/vue-demi": {
      "version": "0.14.10",
      "hasInstallScript": true,
      "license": "MIT",
      "bin": {
        "vue-demi-fix": "bin/vue-demi-fix.js",
        "vue-demi-switch": "bin/vue-demi-switch.js"
      },
      "engines": {
        "node": ">=12"
      },
      "funding": {
        "url": "https://github.com/sponsors/antfu"
      },
      "peerDependencies": {
        "@vue/composition-api": "^1.0.0-rc.1",
        "vue": "^3.0.0-0 || ^2.6.0"
      },
      "peerDependenciesMeta": {
        "@vue/composition-api": {
          "optional": true
        }
      }
    },
    "node_modules/@formily/shared": {
      "version": "2.3.2",
      "license": "MIT",
      "dependencies": {
        "@formily/path": "2.3.2",
        "camel-case": "^4.1.1",
        "lower-case": "^2.0.1",
        "no-case": "^3.0.4",
        "param-case": "^3.0.4",
        "pascal-case": "^3.1.1",
        "upper-case": "^2.0.1"
      },
      "engines": {
        "npm": ">=3.0.0"
      }
    },
    "node_modules/@formily/validator": {
      "version": "2.3.2",
      "license": "MIT",
      "dependencies": {
        "@formily/shared": "2.3.2"
      },
      "engines": {
        "npm": ">=3.0.0"
      }
    },
    "node_modules/@formily/vue": {
      "version": "2.3.2",
      "hasInstallScript": true,
      "license": "MIT",
      "dependencies": {
        "@formily/core": "2.3.2",
        "@formily/json-schema": "2.3.2",
        "@formily/reactive": "2.3.2",
        "@formily/reactive-vue": "2.3.2",
        "@formily/shared": "2.3.2",
        "@formily/validator": "2.3.2",
        "fs-extra": "^10.0.0",
        "vue-demi": ">=0.13.6",
        "vue-frag": "^1.1.4"
      },
      "bin": {
        "formily-vue-fix": "bin/formily-vue-fix.js",
        "formily-vue-switch": "bin/formily-vue-switch.js"
      },
      "engines": {
        "npm": ">=3.0.0"
      },
      "peerDependencies": {
        "@vue/composition-api": "^1.0.0-beta.1",
        "vue": "^2.6.0 || >=3.0.0-rc.0"
      },
      "peerDependenciesMeta": {
        "@vue/composition-api": {
          "optional": true
        }
      }
    },
    "node_modules/@formily/vue/node_modules/vue-demi": {
      "version": "0.14.10",
      "hasInstallScript": true,
      "license": "MIT",
      "bin": {
        "vue-demi-fix": "bin/vue-demi-fix.js",
        "vue-demi-switch": "bin/vue-demi-switch.js"
      },
      "engines": {
        "node": ">=12"
      },
      "funding": {
        "url": "https://github.com/sponsors/antfu"
      },
      "peerDependencies": {
        "@vue/composition-api": "^1.0.0-rc.1",
        "vue": "^3.0.0-0 || ^2.6.0"
      },
      "peerDependenciesMeta": {
        "@vue/composition-api": {
          "optional": true
        }
      }
    },
    "node_modules/@formily/vue/node_modules/vue-frag": {
      "version": "1.4.3",
      "license": "MIT",
      "funding": {
        "url": "https://github.com/privatenumber/vue-frag?sponsor=1"
      },
      "peerDependencies": {
        "vue": "^2.6.0"
      }
    },
    "node_modules/@jridgewell/sourcemap-codec": {
      "version": "1.5.0",
      "license": "MIT"
    },
    "node_modules/@juggle/resize-observer": {
      "version": "3.4.0",
      "license": "Apache-2.0"
    },
    "node_modules/@popperjs/core": {
      "name": "@sxzz/popperjs-es",
      "version": "2.11.7",
      "license": "MIT",
      "funding": {
        "type": "opencollective",
        "url": "https://opencollective.com/popperjs"
      }
    },
    "node_modules/@rollup/rollup-win32-x64-msvc": {
      "version": "4.18.1",
      "cpu": [
        "x64"
      ],
      "dev": true,
      "license": "MIT",
      "optional": true,
      "os": [
        "win32"
      ]
    },
    "node_modules/@tsconfig/node20": {
      "version": "20.1.4",
      "dev": true,
      "license": "MIT"
    },
    "node_modules/@types/estree": {
      "version": "1.0.5",
      "dev": true,
      "license": "MIT"
    },
    "node_modules/@types/lodash": {
      "version": "4.17.6",
      "license": "MIT"
    },
    "node_modules/@types/lodash-es": {
      "version": "4.17.12",
      "license": "MIT",
      "dependencies": {
        "@types/lodash": "*"
      }
    },
    "node_modules/@types/node": {
      "version": "20.14.10",
      "dev": true,
      "license": "MIT",
      "dependencies": {
        "undici-types": "~5.26.4"
      }
    },
    "node_modules/@types/web-bluetooth": {
      "version": "0.0.16",
      "license": "MIT"
    },
    "node_modules/@vitejs/plugin-vue": {
      "version": "5.0.5",
      "dev": true,
      "license": "MIT",
      "engines": {
        "node": "^18.0.0 || >=20.0.0"
      },
      "peerDependencies": {
        "vite": "^5.0.0",
        "vue": "^3.2.25"
      }
    },
    "node_modules/@volar/language-core": {
      "version": "2.4.0-alpha.15",
      "dev": true,
      "license": "MIT",
      "dependencies": {
        "@volar/source-map": "2.4.0-alpha.15"
      }
    },
    "node_modules/@volar/source-map": {
      "version": "2.4.0-alpha.15",
      "dev": true,
      "license": "MIT"
    },
    "node_modules/@volar/typescript": {
      "version": "2.4.0-alpha.15",
      "dev": true,
      "license": "MIT",
      "dependencies": {
        "@volar/language-core": "2.4.0-alpha.15",
        "path-browserify": "^1.0.1",
        "vscode-uri": "^3.0.8"
      }
    },
    "node_modules/@vue/compiler-core": {
      "version": "3.4.31",
      "license": "MIT",
      "dependencies": {
        "@babel/parser": "^7.24.7",
        "@vue/shared": "3.4.31",
        "entities": "^4.5.0",
        "estree-walker": "^2.0.2",
        "source-map-js": "^1.2.0"
      }
    },
    "node_modules/@vue/compiler-dom": {
      "version": "3.4.31",
      "license": "MIT",
      "dependencies": {
        "@vue/compiler-core": "3.4.31",
        "@vue/shared": "3.4.31"
      }
    },
    "node_modules/@vue/compiler-sfc": {
      "version": "3.4.31",
      "license": "MIT",
      "dependencies": {
        "@babel/parser": "^7.24.7",
        "@vue/compiler-core": "3.4.31",
        "@vue/compiler-dom": "3.4.31",
        "@vue/compiler-ssr": "3.4.31",
        "@vue/shared": "3.4.31",
        "estree-walker": "^2.0.2",
        "magic-string": "^0.30.10",
        "postcss": "^8.4.38",
        "source-map-js": "^1.2.0"
      }
    },
    "node_modules/@vue/compiler-ssr": {
      "version": "3.4.31",
      "license": "MIT",
      "dependencies": {
        "@vue/compiler-dom": "3.4.31",
        "@vue/shared": "3.4.31"
      }
    },
    "node_modules/@vue/language-core": {
      "version": "2.0.26",
      "dev": true,
      "license": "MIT",
      "dependencies": {
        "@volar/language-core": "~2.4.0-alpha.15",
        "@vue/compiler-dom": "^3.4.0",
        "@vue/shared": "^3.4.0",
        "computeds": "^0.0.1",
        "minimatch": "^9.0.3",
        "muggle-string": "^0.4.1",
        "path-browserify": "^1.0.1",
        "vue-template-compiler": "^2.7.14"
      },
      "peerDependencies": {
        "typescript": "*"
      },
      "peerDependenciesMeta": {
        "typescript": {
          "optional": true
        }
      }
    },
    "node_modules/@vue/reactivity": {
      "version": "3.4.31",
      "license": "MIT",
      "dependencies": {
        "@vue/shared": "3.4.31"
      }
    },
    "node_modules/@vue/runtime-core": {
      "version": "3.4.31",
      "license": "MIT",
      "dependencies": {
        "@vue/reactivity": "3.4.31",
        "@vue/shared": "3.4.31"
      }
    },
    "node_modules/@vue/runtime-dom": {
      "version": "3.4.31",
      "license": "MIT",
      "dependencies": {
        "@vue/reactivity": "3.4.31",
        "@vue/runtime-core": "3.4.31",
        "@vue/shared": "3.4.31",
        "csstype": "^3.1.3"
      }
    },
    "node_modules/@vue/server-renderer": {
      "version": "3.4.31",
      "license": "MIT",
      "dependencies": {
        "@vue/compiler-ssr": "3.4.31",
        "@vue/shared": "3.4.31"
      },
      "peerDependencies": {
        "vue": "3.4.31"
      }
    },
    "node_modules/@vue/shared": {
      "version": "3.4.31",
      "license": "MIT"
    },
    "node_modules/@vue/tsconfig": {
      "version": "0.5.1",
      "dev": true,
      "license": "MIT"
    },
    "node_modules/@vueuse/core": {
      "version": "9.13.0",
      "license": "MIT",
      "dependencies": {
        "@types/web-bluetooth": "^0.0.16",
        "@vueuse/metadata": "9.13.0",
        "@vueuse/shared": "9.13.0",
        "vue-demi": "*"
      },
      "funding": {
        "url": "https://github.com/sponsors/antfu"
      }
    },
    "node_modules/@vueuse/core/node_modules/vue-demi": {
      "version": "0.14.8",
      "hasInstallScript": true,
      "license": "MIT",
      "bin": {
        "vue-demi-fix": "bin/vue-demi-fix.js",
        "vue-demi-switch": "bin/vue-demi-switch.js"
      },
      "engines": {
        "node": ">=12"
      },
      "funding": {
        "url": "https://github.com/sponsors/antfu"
      },
      "peerDependencies": {
        "@vue/composition-api": "^1.0.0-rc.1",
        "vue": "^3.0.0-0 || ^2.6.0"
      },
      "peerDependenciesMeta": {
        "@vue/composition-api": {
          "optional": true
        }
      }
    },
    "node_modules/@vueuse/metadata": {
      "version": "9.13.0",
      "license": "MIT",
      "funding": {
        "url": "https://github.com/sponsors/antfu"
      }
    },
    "node_modules/@vueuse/shared": {
      "version": "9.13.0",
      "license": "MIT",
      "dependencies": {
        "vue-demi": "*"
      },
      "funding": {
        "url": "https://github.com/sponsors/antfu"
      }
    },
    "node_modules/@vueuse/shared/node_modules/vue-demi": {
      "version": "0.14.8",
      "hasInstallScript": true,
      "license": "MIT",
      "bin": {
        "vue-demi-fix": "bin/vue-demi-fix.js",
        "vue-demi-switch": "bin/vue-demi-switch.js"
      },
      "engines": {
        "node": ">=12"
      },
      "funding": {
        "url": "https://github.com/sponsors/antfu"
      },
      "peerDependencies": {
        "@vue/composition-api": "^1.0.0-rc.1",
        "vue": "^3.0.0-0 || ^2.6.0"
      },
      "peerDependenciesMeta": {
        "@vue/composition-api": {
          "optional": true
        }
      }
    },
    "node_modules/allen-form": {
      "version": "0.0.4",
      "dependencies": {
        "@formily/core": "^2.3.1",
        "@formily/element-plus": "1.1.0-beta.1",
        "@formily/vue": "^2.3.1",
        "element-plus": "^2.7.6",
        "vue": "^3.4.29"
      }
    },
    "node_modules/ansi-styles": {
      "version": "6.2.1",
      "dev": true,
      "license": "MIT",
      "engines": {
        "node": ">=12"
      },
      "funding": {
        "url": "https://github.com/chalk/ansi-styles?sponsor=1"
      }
    },
    "node_modules/async-validator": {
      "version": "4.2.5",
      "license": "MIT"
    },
    "node_modules/balanced-match": {
      "version": "1.0.2",
      "dev": true,
      "license": "MIT"
    },
    "node_modules/brace-expansion": {
      "version": "2.0.1",
      "dev": true,
      "license": "MIT",
      "dependencies": {
        "balanced-match": "^1.0.0"
      }
    },
    "node_modules/camel-case": {
      "version": "4.1.2",
      "license": "MIT",
      "dependencies": {
        "pascal-case": "^3.1.2",
        "tslib": "^2.0.3"
      }
    },
    "node_modules/computeds": {
      "version": "0.0.1",
      "dev": true,
      "license": "MIT"
    },
    "node_modules/cross-spawn": {
      "version": "7.0.3",
      "dev": true,
      "license": "MIT",
      "dependencies": {
        "path-key": "^3.1.0",
        "shebang-command": "^2.0.0",
        "which": "^2.0.1"
      },
      "engines": {
        "node": ">= 8"
      }
    },
    "node_modules/csstype": {
      "version": "3.1.3",
      "license": "MIT"
    },
    "node_modules/dayjs": {
      "version": "1.11.11",
      "license": "MIT"
    },
    "node_modules/de-indent": {
      "version": "1.0.2",
      "dev": true,
      "license": "MIT"
    },
    "node_modules/dot-case": {
      "version": "3.0.4",
      "license": "MIT",
      "dependencies": {
        "no-case": "^3.0.4",
        "tslib": "^2.0.3"
      }
    },
    "node_modules/element-plus": {
      "version": "2.7.6",
      "license": "MIT",
      "dependencies": {
        "@ctrl/tinycolor": "^3.4.1",
        "@element-plus/icons-vue": "^2.3.1",
        "@floating-ui/dom": "^1.0.1",
        "@popperjs/core": "npm:@sxzz/popperjs-es@^2.11.7",
        "@types/lodash": "^4.14.182",
        "@types/lodash-es": "^4.17.6",
        "@vueuse/core": "^9.1.0",
        "async-validator": "^4.2.5",
        "dayjs": "^1.11.3",
        "escape-html": "^1.0.3",
        "lodash": "^4.17.21",
        "lodash-es": "^4.17.21",
        "lodash-unified": "^1.0.2",
        "memoize-one": "^6.0.0",
        "normalize-wheel-es": "^1.2.0"
      },
      "peerDependencies": {
        "vue": "^3.2.0"
      }
    },
    "node_modules/element-plus/node_modules/@element-plus/icons-vue": {
      "version": "2.3.1",
      "license": "MIT",
      "peerDependencies": {
        "vue": "^3.2.0"
      }
    },
    "node_modules/entities": {
      "version": "4.5.0",
      "license": "BSD-2-Clause",
      "engines": {
        "node": ">=0.12"
      },
      "funding": {
        "url": "https://github.com/fb55/entities?sponsor=1"
      }
    },
    "node_modules/esbuild": {
      "version": "0.21.5",
      "dev": true,
      "hasInstallScript": true,
      "license": "MIT",
      "bin": {
        "esbuild": "bin/esbuild"
      },
      "engines": {
        "node": ">=12"
      },
      "optionalDependencies": {
        "@esbuild/aix-ppc64": "0.21.5",
        "@esbuild/android-arm": "0.21.5",
        "@esbuild/android-arm64": "0.21.5",
        "@esbuild/android-x64": "0.21.5",
        "@esbuild/darwin-arm64": "0.21.5",
        "@esbuild/darwin-x64": "0.21.5",
        "@esbuild/freebsd-arm64": "0.21.5",
        "@esbuild/freebsd-x64": "0.21.5",
        "@esbuild/linux-arm": "0.21.5",
        "@esbuild/linux-arm64": "0.21.5",
        "@esbuild/linux-ia32": "0.21.5",
        "@esbuild/linux-loong64": "0.21.5",
        "@esbuild/linux-mips64el": "0.21.5",
        "@esbuild/linux-ppc64": "0.21.5",
        "@esbuild/linux-riscv64": "0.21.5",
        "@esbuild/linux-s390x": "0.21.5",
        "@esbuild/linux-x64": "0.21.5",
        "@esbuild/netbsd-x64": "0.21.5",
        "@esbuild/openbsd-x64": "0.21.5",
        "@esbuild/sunos-x64": "0.21.5",
        "@esbuild/win32-arm64": "0.21.5",
        "@esbuild/win32-ia32": "0.21.5",
        "@esbuild/win32-x64": "0.21.5"
      }
    },
    "node_modules/escape-html": {
      "version": "1.0.3",
      "license": "MIT"
    },
    "node_modules/estree-walker": {
      "version": "2.0.2",
      "license": "MIT"
    },
    "node_modules/fs-extra": {
      "version": "10.1.0",
      "license": "MIT",
      "dependencies": {
        "graceful-fs": "^4.2.0",
        "jsonfile": "^6.0.1",
        "universalify": "^2.0.0"
      },
      "engines": {
        "node": ">=12"
      }
    },
    "node_modules/graceful-fs": {
      "version": "4.2.11",
      "license": "ISC"
    },
    "node_modules/he": {
      "version": "1.2.0",
      "dev": true,
      "license": "MIT",
      "bin": {
        "he": "bin/he"
      }
    },
    "node_modules/isexe": {
      "version": "2.0.0",
      "dev": true,
      "license": "ISC"
    },
    "node_modules/json-parse-even-better-errors": {
      "version": "3.0.2",
      "dev": true,
      "license": "MIT",
      "engines": {
        "node": "^14.17.0 || ^16.13.0 || >=18.0.0"
      }
    },
    "node_modules/jsonfile": {
      "version": "6.1.0",
      "license": "MIT",
      "dependencies": {
        "universalify": "^2.0.0"
      },
      "optionalDependencies": {
        "graceful-fs": "^4.1.6"
      }
    },
    "node_modules/lodash": {
      "version": "4.17.21",
      "license": "MIT"
    },
    "node_modules/lodash-es": {
      "version": "4.17.21",
      "license": "MIT"
    },
    "node_modules/lodash-unified": {
      "version": "1.0.3",
      "license": "MIT",
      "peerDependencies": {
        "@types/lodash-es": "*",
        "lodash": "*",
        "lodash-es": "*"
      }
    },
    "node_modules/lower-case": {
      "version": "2.0.2",
      "license": "MIT",
      "dependencies": {
        "tslib": "^2.0.3"
      }
    },
    "node_modules/magic-string": {
      "version": "0.30.10",
      "license": "MIT",
      "dependencies": {
        "@jridgewell/sourcemap-codec": "^1.4.15"
      }
    },
    "node_modules/memoize-one": {
      "version": "6.0.0",
      "license": "MIT"
    },
    "node_modules/memorystream": {
      "version": "0.3.1",
      "dev": true,
      "engines": {
        "node": ">= 0.10.0"
      }
    },
    "node_modules/minimatch": {
      "version": "9.0.5",
      "dev": true,
      "license": "ISC",
      "dependencies": {
        "brace-expansion": "^2.0.1"
      },
      "engines": {
        "node": ">=16 || 14 >=14.17"
      },
      "funding": {
        "url": "https://github.com/sponsors/isaacs"
      }
    },
    "node_modules/muggle-string": {
      "version": "0.4.1",
      "dev": true,
      "license": "MIT"
    },
    "node_modules/nanoid": {
      "version": "3.3.7",
      "funding": [
        {
          "type": "github",
          "url": "https://github.com/sponsors/ai"
        }
      ],
      "license": "MIT",
      "bin": {
        "nanoid": "bin/nanoid.cjs"
      },
      "engines": {
        "node": "^10 || ^12 || ^13.7 || ^14 || >=15.0.1"
      }
    },
    "node_modules/no-case": {
      "version": "3.0.4",
      "license": "MIT",
      "dependencies": {
        "lower-case": "^2.0.2",
        "tslib": "^2.0.3"
      }
    },
    "node_modules/normalize-wheel-es": {
      "version": "1.2.0",
      "license": "BSD-3-Clause"
    },
    "node_modules/npm-normalize-package-bin": {
      "version": "3.0.1",
      "dev": true,
      "license": "ISC",
      "engines": {
        "node": "^14.17.0 || ^16.13.0 || >=18.0.0"
      }
    },
    "node_modules/npm-run-all2": {
      "version": "6.2.2",
      "dev": true,
      "license": "MIT",
      "dependencies": {
        "ansi-styles": "^6.2.1",
        "cross-spawn": "^7.0.3",
        "memorystream": "^0.3.1",
        "minimatch": "^9.0.0",
        "pidtree": "^0.6.0",
        "read-package-json-fast": "^3.0.2",
        "shell-quote": "^1.7.3"
      },
      "bin": {
        "npm-run-all": "bin/npm-run-all/index.js",
        "npm-run-all2": "bin/npm-run-all/index.js",
        "run-p": "bin/run-p/index.js",
        "run-s": "bin/run-s/index.js"
      },
      "engines": {
        "node": "^14.18.0 || ^16.13.0 || >=18.0.0",
        "npm": ">= 8"
      }
    },
    "node_modules/param-case": {
      "version": "3.0.4",
      "license": "MIT",
      "dependencies": {
        "dot-case": "^3.0.4",
        "tslib": "^2.0.3"
      }
    },
    "node_modules/pascal-case": {
      "version": "3.1.2",
      "license": "MIT",
      "dependencies": {
        "no-case": "^3.0.4",
        "tslib": "^2.0.3"
      }
    },
    "node_modules/path-browserify": {
      "version": "1.0.1",
      "dev": true,
      "license": "MIT"
    },
    "node_modules/path-key": {
      "version": "3.1.1",
      "dev": true,
      "license": "MIT",
      "engines": {
        "node": ">=8"
      }
    },
    "node_modules/picocolors": {
      "version": "1.0.1",
      "license": "ISC"
    },
    "node_modules/pidtree": {
      "version": "0.6.0",
      "dev": true,
      "license": "MIT",
      "bin": {
        "pidtree": "bin/pidtree.js"
      },
      "engines": {
        "node": ">=0.10"
      }
    },
    "node_modules/postcss": {
      "version": "8.4.39",
      "funding": [
        {
          "type": "opencollective",
          "url": "https://opencollective.com/postcss/"
        },
        {
          "type": "tidelift",
          "url": "https://tidelift.com/funding/github/npm/postcss"
        },
        {
          "type": "github",
          "url": "https://github.com/sponsors/ai"
        }
      ],
      "license": "MIT",
      "dependencies": {
        "nanoid": "^3.3.7",
        "picocolors": "^1.0.1",
        "source-map-js": "^1.2.0"
      },
      "engines": {
        "node": "^10 || ^12 || >=14"
      }
    },
    "node_modules/read-package-json-fast": {
      "version": "3.0.2",
      "dev": true,
      "license": "ISC",
      "dependencies": {
        "json-parse-even-better-errors": "^3.0.0",
        "npm-normalize-package-bin": "^3.0.0"
      },
      "engines": {
        "node": "^14.17.0 || ^16.13.0 || >=18.0.0"
      }
    },
    "node_modules/resize-observer-polyfill": {
      "version": "1.5.1",
      "license": "MIT"
    },
    "node_modules/rollup": {
      "version": "4.18.1",
      "dev": true,
      "license": "MIT",
      "dependencies": {
        "@types/estree": "1.0.5"
      },
      "bin": {
        "rollup": "dist/bin/rollup"
      },
      "engines": {
        "node": ">=18.0.0",
        "npm": ">=8.0.0"
      },
      "optionalDependencies": {
        "@rollup/rollup-android-arm-eabi": "4.18.1",
        "@rollup/rollup-android-arm64": "4.18.1",
        "@rollup/rollup-darwin-arm64": "4.18.1",
        "@rollup/rollup-darwin-x64": "4.18.1",
        "@rollup/rollup-linux-arm-gnueabihf": "4.18.1",
        "@rollup/rollup-linux-arm-musleabihf": "4.18.1",
        "@rollup/rollup-linux-arm64-gnu": "4.18.1",
        "@rollup/rollup-linux-arm64-musl": "4.18.1",
        "@rollup/rollup-linux-powerpc64le-gnu": "4.18.1",
        "@rollup/rollup-linux-riscv64-gnu": "4.18.1",
        "@rollup/rollup-linux-s390x-gnu": "4.18.1",
        "@rollup/rollup-linux-x64-gnu": "4.18.1",
        "@rollup/rollup-linux-x64-musl": "4.18.1",
        "@rollup/rollup-win32-arm64-msvc": "4.18.1",
        "@rollup/rollup-win32-ia32-msvc": "4.18.1",
        "@rollup/rollup-win32-x64-msvc": "4.18.1",
        "fsevents": "~2.3.2"
      }
    },
    "node_modules/semver": {
      "version": "7.6.2",
      "dev": true,
      "license": "ISC",
      "bin": {
        "semver": "bin/semver.js"
      },
      "engines": {
        "node": ">=10"
      }
    },
    "node_modules/shebang-command": {
      "version": "2.0.0",
      "dev": true,
      "license": "MIT",
      "dependencies": {
        "shebang-regex": "^3.0.0"
      },
      "engines": {
        "node": ">=8"
      }
    },
    "node_modules/shebang-regex": {
      "version": "3.0.0",
      "dev": true,
      "license": "MIT",
      "engines": {
        "node": ">=8"
      }
    },
    "node_modules/shell-quote": {
      "version": "1.8.1",
      "dev": true,
      "license": "MIT",
      "funding": {
        "url": "https://github.com/sponsors/ljharb"
      }
    },
    "node_modules/sortablejs": {
      "version": "1.14.0",
      "license": "MIT"
    },
    "node_modules/source-map-js": {
      "version": "1.2.0",
      "license": "BSD-3-Clause",
      "engines": {
        "node": ">=0.10.0"
      }
    },
    "node_modules/tslib": {
      "version": "2.8.1",
      "license": "0BSD"
    },
    "node_modules/typescript": {
      "version": "5.4.5",
      "license": "Apache-2.0",
      "bin": {
        "tsc": "bin/tsc",
        "tsserver": "bin/tsserver"
      },
      "engines": {
        "node": ">=14.17"
      }
    },
    "node_modules/undici-types": {
      "version": "5.26.5",
      "dev": true,
      "license": "MIT"
    },
    "node_modules/universalify": {
      "version": "2.0.1",
      "license": "MIT",
      "engines": {
        "node": ">= 10.0.0"
      }
    },
    "node_modules/upper-case": {
      "version": "2.0.2",
      "license": "MIT",
      "dependencies": {
        "tslib": "^2.0.3"
      }
    },
    "node_modules/vite": {
      "version": "5.3.3",
      "dev": true,
      "license": "MIT",
      "dependencies": {
        "esbuild": "^0.21.3",
        "postcss": "^8.4.39",
        "rollup": "^4.13.0"
      },
      "bin": {
        "vite": "bin/vite.js"
      },
      "engines": {
        "node": "^18.0.0 || >=20.0.0"
      },
      "funding": {
        "url": "https://github.com/vitejs/vite?sponsor=1"
      },
      "optionalDependencies": {
        "fsevents": "~2.3.3"
      },
      "peerDependencies": {
        "@types/node": "^18.0.0 || >=20.0.0",
        "less": "*",
        "lightningcss": "^1.21.0",
        "sass": "*",
        "stylus": "*",
        "sugarss": "*",
        "terser": "^5.4.0"
      },
      "peerDependenciesMeta": {
        "@types/node": {
          "optional": true
        },
        "less": {
          "optional": true
        },
        "lightningcss": {
          "optional": true
        },
        "sass": {
          "optional": true
        },
        "stylus": {
          "optional": true
        },
        "sugarss": {
          "optional": true
        },
        "terser": {
          "optional": true
        }
      }
    },
    "node_modules/vscode-uri": {
      "version": "3.0.8",
      "dev": true,
      "license": "MIT"
    },
    "node_modules/vue": {
      "version": "3.4.31",
      "license": "MIT",
      "dependencies": {
        "@vue/compiler-dom": "3.4.31",
        "@vue/compiler-sfc": "3.4.31",
        "@vue/runtime-dom": "3.4.31",
        "@vue/server-renderer": "3.4.31",
        "@vue/shared": "3.4.31"
      },
      "peerDependencies": {
        "typescript": "*"
      },
      "peerDependenciesMeta": {
        "typescript": {
          "optional": true
        }
      }
    },
    "node_modules/vue-slicksort": {
      "version": "1.2.0",
      "license": "MIT",
      "peerDependencies": {
        "vue": ">=2.2.0"
      }
    },
    "node_modules/vue-template-compiler": {
      "version": "2.7.16",
      "dev": true,
      "license": "MIT",
      "dependencies": {
        "de-indent": "^1.0.2",
        "he": "^1.2.0"
      }
    },
    "node_modules/vue-tsc": {
      "version": "2.0.26",
      "dev": true,
      "license": "MIT",
      "dependencies": {
        "@volar/typescript": "~2.4.0-alpha.15",
        "@vue/language-core": "2.0.26",
        "semver": "^7.5.4"
      },
      "bin": {
        "vue-tsc": "bin/vue-tsc.js"
      },
      "peerDependencies": {
        "typescript": ">=5.0.0"
      }
    },
    "node_modules/vuedraggable": {
      "version": "4.1.0",
      "license": "MIT",
      "dependencies": {
        "sortablejs": "1.14.0"
      },
      "peerDependencies": {
        "vue": "^3.0.1"
      }
    },
    "node_modules/which": {
      "version": "2.0.2",
      "dev": true,
      "license": "ISC",
      "dependencies": {
        "isexe": "^2.0.0"
      },
      "bin": {
        "node-which": "bin/node-which"
      },
      "engines": {
        "node": ">= 8"
      }
    }
  },
  "dependencies": {
    "@babel/parser": {
      "version": "7.24.7"
    },
    "@ctrl/tinycolor": {
      "version": "3.6.1"
    },
    "@element-plus/icons-vue": {
      "version": "1.1.4",
      "requires": {}
    },
    "@esbuild/win32-x64": {
      "version": "0.21.5",
      "dev": true,
      "optional": true
    },
    "@floating-ui/core": {
      "version": "1.6.4",
      "requires": {
        "@floating-ui/utils": "^0.2.4"
      }
    },
    "@floating-ui/dom": {
      "version": "1.6.7",
      "requires": {
        "@floating-ui/core": "^1.6.0",
        "@floating-ui/utils": "^0.2.4"
      }
    },
    "@floating-ui/utils": {
      "version": "0.2.4"
    },
    "@formily/core": {
      "version": "2.3.2",
      "requires": {
        "@formily/reactive": "2.3.2",
        "@formily/shared": "2.3.2",
        "@formily/validator": "2.3.2"
      }
    },
    "@formily/element-plus": {
      "version": "1.1.0-beta.1",
      "requires": {
        "@element-plus/icons-vue": "^1.1.1",
        "@formily/core": "^2.0.20",
        "@formily/grid": "^2.0.20",
        "@formily/json-schema": "^2.0.20",
        "@formily/reactive": "^2.0.20",
        "@formily/reactive-vue": "^2.0.20",
        "@formily/shared": "^2.0.20",
        "@formily/vue": "^2.0.20",
        "element-plus": "^2.4.0",
        "resize-observer-polyfill": "^1.5.1",
        "vue-slicksort": "^1.2.0",
        "vuedraggable": "^4.1.0"
      }
    },
    "@formily/grid": {
      "version": "2.3.2",
      "requires": {
        "@formily/reactive": "2.3.2",
        "@juggle/resize-observer": "^3.3.1"
      }
    },
    "@formily/json-schema": {
      "version": "2.3.2",
      "requires": {
        "@formily/core": "2.3.2",
        "@formily/reactive": "2.3.2",
        "@formily/shared": "2.3.2"
      }
    },
    "@formily/path": {
      "version": "2.3.2"
    },
    "@formily/reactive": {
      "version": "2.3.2"
    },
    "@formily/reactive-vue": {
      "version": "2.3.2",
      "requires": {
        "@formily/reactive": "2.3.2",
        "vue-demi": ">=0.13.6"
      },
      "dependencies": {
        "vue-demi": {
          "version": "0.14.10",
          "requires": {}
        }
      }
    },
    "@formily/shared": {
      "version": "2.3.2",
      "requires": {
        "@formily/path": "2.3.2",
        "camel-case": "^4.1.1",
        "lower-case": "^2.0.1",
        "no-case": "^3.0.4",
        "param-case": "^3.0.4",
        "pascal-case": "^3.1.1",
        "upper-case": "^2.0.1"
      }
    },
    "@formily/validator": {
      "version": "2.3.2",
      "requires": {
        "@formily/shared": "2.3.2"
      }
    },
    "@formily/vue": {
      "version": "2.3.2",
      "requires": {
        "@formily/core": "2.3.2",
        "@formily/json-schema": "2.3.2",
        "@formily/reactive": "2.3.2",
        "@formily/reactive-vue": "2.3.2",
        "@formily/shared": "2.3.2",
        "@formily/validator": "2.3.2",
        "fs-extra": "^10.0.0",
        "vue-demi": ">=0.13.6",
        "vue-frag": "^1.1.4"
      },
      "dependencies": {
        "vue-demi": {
          "version": "0.14.10",
          "requires": {}
        },
        "vue-frag": {
          "version": "1.4.3",
          "requires": {}
        }
      }
    },
    "@jridgewell/sourcemap-codec": {
      "version": "1.5.0"
    },
    "@juggle/resize-observer": {
      "version": "3.4.0"
    },
    "@popperjs/core": {
      "version": "npm:@sxzz/popperjs-es@2.11.7"
    },
    "@rollup/rollup-win32-x64-msvc": {
      "version": "4.18.1",
      "dev": true,
      "optional": true
    },
    "@tsconfig/node20": {
      "version": "20.1.4",
      "dev": true
    },
    "@types/estree": {
      "version": "1.0.5",
      "dev": true
    },
    "@types/lodash": {
      "version": "4.17.6"
    },
    "@types/lodash-es": {
      "version": "4.17.12",
      "requires": {
        "@types/lodash": "*"
      }
    },
    "@types/node": {
      "version": "20.14.10",
      "dev": true,
      "requires": {
        "undici-types": "~5.26.4"
      }
    },
    "@types/web-bluetooth": {
      "version": "0.0.16"
    },
    "@vitejs/plugin-vue": {
      "version": "5.0.5",
      "dev": true,
      "requires": {}
    },
    "@volar/language-core": {
      "version": "2.4.0-alpha.15",
      "dev": true,
      "requires": {
        "@volar/source-map": "2.4.0-alpha.15"
      }
    },
    "@volar/source-map": {
      "version": "2.4.0-alpha.15",
      "dev": true
    },
    "@volar/typescript": {
      "version": "2.4.0-alpha.15",
      "dev": true,
      "requires": {
        "@volar/language-core": "2.4.0-alpha.15",
        "path-browserify": "^1.0.1",
        "vscode-uri": "^3.0.8"
      }
    },
    "@vue/compiler-core": {
      "version": "3.4.31",
      "requires": {
        "@babel/parser": "^7.24.7",
        "@vue/shared": "3.4.31",
        "entities": "^4.5.0",
        "estree-walker": "^2.0.2",
        "source-map-js": "^1.2.0"
      }
    },
    "@vue/compiler-dom": {
      "version": "3.4.31",
      "requires": {
        "@vue/compiler-core": "3.4.31",
        "@vue/shared": "3.4.31"
      }
    },
    "@vue/compiler-sfc": {
      "version": "3.4.31",
      "requires": {
        "@babel/parser": "^7.24.7",
        "@vue/compiler-core": "3.4.31",
        "@vue/compiler-dom": "3.4.31",
        "@vue/compiler-ssr": "3.4.31",
        "@vue/shared": "3.4.31",
        "estree-walker": "^2.0.2",
        "magic-string": "^0.30.10",
        "postcss": "^8.4.38",
        "source-map-js": "^1.2.0"
      }
    },
    "@vue/compiler-ssr": {
      "version": "3.4.31",
      "requires": {
        "@vue/compiler-dom": "3.4.31",
        "@vue/shared": "3.4.31"
      }
    },
    "@vue/language-core": {
      "version": "2.0.26",
      "dev": true,
      "requires": {
        "@volar/language-core": "~2.4.0-alpha.15",
        "@vue/compiler-dom": "^3.4.0",
        "@vue/shared": "^3.4.0",
        "computeds": "^0.0.1",
        "minimatch": "^9.0.3",
        "muggle-string": "^0.4.1",
        "path-browserify": "^1.0.1",
        "vue-template-compiler": "^2.7.14"
      }
    },
    "@vue/reactivity": {
      "version": "3.4.31",
      "requires": {
        "@vue/shared": "3.4.31"
      }
    },
    "@vue/runtime-core": {
      "version": "3.4.31",
      "requires": {
        "@vue/reactivity": "3.4.31",
        "@vue/shared": "3.4.31"
      }
    },
    "@vue/runtime-dom": {
      "version": "3.4.31",
      "requires": {
        "@vue/reactivity": "3.4.31",
        "@vue/runtime-core": "3.4.31",
        "@vue/shared": "3.4.31",
        "csstype": "^3.1.3"
      }
    },
    "@vue/server-renderer": {
      "version": "3.4.31",
      "requires": {
        "@vue/compiler-ssr": "3.4.31",
        "@vue/shared": "3.4.31"
      }
    },
    "@vue/shared": {
      "version": "3.4.31"
    },
    "@vue/tsconfig": {
      "version": "0.5.1",
      "dev": true
    },
    "@vueuse/core": {
      "version": "9.13.0",
      "requires": {
        "@types/web-bluetooth": "^0.0.16",
        "@vueuse/metadata": "9.13.0",
        "@vueuse/shared": "9.13.0",
        "vue-demi": "*"
      },
      "dependencies": {
        "vue-demi": {
          "version": "0.14.8",
          "requires": {}
        }
      }
    },
    "@vueuse/metadata": {
      "version": "9.13.0"
    },
    "@vueuse/shared": {
      "version": "9.13.0",
      "requires": {
        "vue-demi": "*"
      },
      "dependencies": {
        "vue-demi": {
          "version": "0.14.8",
          "requires": {}
        }
      }
    },
    "allen-form": {
      "version": "0.0.4",
      "requires": {
        "@formily/core": "^2.3.1",
        "@formily/element-plus": "1.1.0-beta.1",
        "@formily/vue": "^2.3.1",
        "element-plus": "^2.7.6",
        "vue": "^3.4.29"
      }
    },
    "ansi-styles": {
      "version": "6.2.1",
      "dev": true
    },
    "async-validator": {
      "version": "4.2.5"
    },
    "balanced-match": {
      "version": "1.0.2",
      "dev": true
    },
    "brace-expansion": {
      "version": "2.0.1",
      "dev": true,
      "requires": {
        "balanced-match": "^1.0.0"
      }
    },
    "camel-case": {
      "version": "4.1.2",
      "requires": {
        "pascal-case": "^3.1.2",
        "tslib": "^2.0.3"
      }
    },
    "computeds": {
      "version": "0.0.1",
      "dev": true
    },
    "cross-spawn": {
      "version": "7.0.3",
      "dev": true,
      "requires": {
        "path-key": "^3.1.0",
        "shebang-command": "^2.0.0",
        "which": "^2.0.1"
      }
    },
    "csstype": {
      "version": "3.1.3"
    },
    "dayjs": {
      "version": "1.11.11"
    },
    "de-indent": {
      "version": "1.0.2",
      "dev": true
    },
    "dot-case": {
      "version": "3.0.4",
      "requires": {
        "no-case": "^3.0.4",
        "tslib": "^2.0.3"
      }
    },
    "element-plus": {
      "version": "2.7.6",
      "requires": {
        "@ctrl/tinycolor": "^3.4.1",
        "@element-plus/icons-vue": "^2.3.1",
        "@floating-ui/dom": "^1.0.1",
        "@popperjs/core": "npm:@sxzz/popperjs-es@^2.11.7",
        "@types/lodash": "^4.14.182",
        "@types/lodash-es": "^4.17.6",
        "@vueuse/core": "^9.1.0",
        "async-validator": "^4.2.5",
        "dayjs": "^1.11.3",
        "escape-html": "^1.0.3",
        "lodash": "^4.17.21",
        "lodash-es": "^4.17.21",
        "lodash-unified": "^1.0.2",
        "memoize-one": "^6.0.0",
        "normalize-wheel-es": "^1.2.0"
      },
      "dependencies": {
        "@element-plus/icons-vue": {
          "version": "2.3.1",
          "requires": {}
        }
      }
    },
    "entities": {
      "version": "4.5.0"
    },
    "esbuild": {
      "version": "0.21.5",
      "dev": true,
      "requires": {
        "@esbuild/aix-ppc64": "0.21.5",
        "@esbuild/android-arm": "0.21.5",
        "@esbuild/android-arm64": "0.21.5",
        "@esbuild/android-x64": "0.21.5",
        "@esbuild/darwin-arm64": "0.21.5",
        "@esbuild/darwin-x64": "0.21.5",
        "@esbuild/freebsd-arm64": "0.21.5",
        "@esbuild/freebsd-x64": "0.21.5",
        "@esbuild/linux-arm": "0.21.5",
        "@esbuild/linux-arm64": "0.21.5",
        "@esbuild/linux-ia32": "0.21.5",
        "@esbuild/linux-loong64": "0.21.5",
        "@esbuild/linux-mips64el": "0.21.5",
        "@esbuild/linux-ppc64": "0.21.5",
        "@esbuild/linux-riscv64": "0.21.5",
        "@esbuild/linux-s390x": "0.21.5",
        "@esbuild/linux-x64": "0.21.5",
        "@esbuild/netbsd-x64": "0.21.5",
        "@esbuild/openbsd-x64": "0.21.5",
        "@esbuild/sunos-x64": "0.21.5",
        "@esbuild/win32-arm64": "0.21.5",
        "@esbuild/win32-ia32": "0.21.5",
        "@esbuild/win32-x64": "0.21.5"
      }
    },
    "escape-html": {
      "version": "1.0.3"
    },
    "estree-walker": {
      "version": "2.0.2"
    },
    "fs-extra": {
      "version": "10.1.0",
      "requires": {
        "graceful-fs": "^4.2.0",
        "jsonfile": "^6.0.1",
        "universalify": "^2.0.0"
      }
    },
    "graceful-fs": {
      "version": "4.2.11"
    },
    "he": {
      "version": "1.2.0",
      "dev": true
    },
    "isexe": {
      "version": "2.0.0",
      "dev": true
    },
    "json-parse-even-better-errors": {
      "version": "3.0.2",
      "dev": true
    },
    "jsonfile": {
      "version": "6.1.0",
      "requires": {
        "graceful-fs": "^4.1.6",
        "universalify": "^2.0.0"
      }
    },
    "lodash": {
      "version": "4.17.21"
    },
    "lodash-es": {
      "version": "4.17.21"
    },
    "lodash-unified": {
      "version": "1.0.3",
      "requires": {}
    },
    "lower-case": {
      "version": "2.0.2",
      "requires": {
        "tslib": "^2.0.3"
      }
    },
    "magic-string": {
      "version": "0.30.10",
      "requires": {
        "@jridgewell/sourcemap-codec": "^1.4.15"
      }
    },
    "memoize-one": {
      "version": "6.0.0"
    },
    "memorystream": {
      "version": "0.3.1",
      "dev": true
    },
    "minimatch": {
      "version": "9.0.5",
      "dev": true,
      "requires": {
        "brace-expansion": "^2.0.1"
      }
    },
    "muggle-string": {
      "version": "0.4.1",
      "dev": true
    },
    "nanoid": {
      "version": "3.3.7"
    },
    "no-case": {
      "version": "3.0.4",
      "requires": {
        "lower-case": "^2.0.2",
        "tslib": "^2.0.3"
      }
    },
    "normalize-wheel-es": {
      "version": "1.2.0"
    },
    "npm-normalize-package-bin": {
      "version": "3.0.1",
      "dev": true
    },
    "npm-run-all2": {
      "version": "6.2.2",
      "dev": true,
      "requires": {
        "ansi-styles": "^6.2.1",
        "cross-spawn": "^7.0.3",
        "memorystream": "^0.3.1",
        "minimatch": "^9.0.0",
        "pidtree": "^0.6.0",
        "read-package-json-fast": "^3.0.2",
        "shell-quote": "^1.7.3"
      }
    },
    "param-case": {
      "version": "3.0.4",
      "requires": {
        "dot-case": "^3.0.4",
        "tslib": "^2.0.3"
      }
    },
    "pascal-case": {
      "version": "3.1.2",
      "requires": {
        "no-case": "^3.0.4",
        "tslib": "^2.0.3"
      }
    },
    "path-browserify": {
      "version": "1.0.1",
      "dev": true
    },
    "path-key": {
      "version": "3.1.1",
      "dev": true
    },
    "picocolors": {
      "version": "1.0.1"
    },
    "pidtree": {
      "version": "0.6.0",
      "dev": true
    },
    "postcss": {
      "version": "8.4.39",
      "requires": {
        "nanoid": "^3.3.7",
        "picocolors": "^1.0.1",
        "source-map-js": "^1.2.0"
      }
    },
    "read-package-json-fast": {
      "version": "3.0.2",
      "dev": true,
      "requires": {
        "json-parse-even-better-errors": "^3.0.0",
        "npm-normalize-package-bin": "^3.0.0"
      }
    },
    "resize-observer-polyfill": {
      "version": "1.5.1"
    },
    "rollup": {
      "version": "4.18.1",
      "dev": true,
      "requires": {
        "@rollup/rollup-android-arm-eabi": "4.18.1",
        "@rollup/rollup-android-arm64": "4.18.1",
        "@rollup/rollup-darwin-arm64": "4.18.1",
        "@rollup/rollup-darwin-x64": "4.18.1",
        "@rollup/rollup-linux-arm-gnueabihf": "4.18.1",
        "@rollup/rollup-linux-arm-musleabihf": "4.18.1",
        "@rollup/rollup-linux-arm64-gnu": "4.18.1",
        "@rollup/rollup-linux-arm64-musl": "4.18.1",
        "@rollup/rollup-linux-powerpc64le-gnu": "4.18.1",
        "@rollup/rollup-linux-riscv64-gnu": "4.18.1",
        "@rollup/rollup-linux-s390x-gnu": "4.18.1",
        "@rollup/rollup-linux-x64-gnu": "4.18.1",
        "@rollup/rollup-linux-x64-musl": "4.18.1",
        "@rollup/rollup-win32-arm64-msvc": "4.18.1",
        "@rollup/rollup-win32-ia32-msvc": "4.18.1",
        "@rollup/rollup-win32-x64-msvc": "4.18.1",
        "@types/estree": "1.0.5",
        "fsevents": "~2.3.2"
      }
    },
    "semver": {
      "version": "7.6.2",
      "dev": true
    },
    "shebang-command": {
      "version": "2.0.0",
      "dev": true,
      "requires": {
        "shebang-regex": "^3.0.0"
      }
    },
    "shebang-regex": {
      "version": "3.0.0",
      "dev": true
    },
    "shell-quote": {
      "version": "1.8.1",
      "dev": true
    },
    "sortablejs": {
      "version": "1.14.0"
    },
    "source-map-js": {
      "version": "1.2.0"
    },
    "tslib": {
      "version": "2.8.1"
    },
    "typescript": {
      "version": "5.4.5"
    },
    "undici-types": {
      "version": "5.26.5",
      "dev": true
    },
    "universalify": {
      "version": "2.0.1"
    },
    "upper-case": {
      "version": "2.0.2",
      "requires": {
        "tslib": "^2.0.3"
      }
    },
    "vite": {
      "version": "5.3.3",
      "dev": true,
      "requires": {
        "esbuild": "^0.21.3",
        "fsevents": "~2.3.3",
        "postcss": "^8.4.39",
        "rollup": "^4.13.0"
      }
    },
    "vscode-uri": {
      "version": "3.0.8",
      "dev": true
    },
    "vue": {
      "version": "3.4.31",
      "requires": {
        "@vue/compiler-dom": "3.4.31",
        "@vue/compiler-sfc": "3.4.31",
        "@vue/runtime-dom": "3.4.31",
        "@vue/server-renderer": "3.4.31",
        "@vue/shared": "3.4.31"
      }
    },
    "vue-slicksort": {
      "version": "1.2.0",
      "requires": {}
    },
    "vue-template-compiler": {
      "version": "2.7.16",
      "dev": true,
      "requires": {
        "de-indent": "^1.0.2",
        "he": "^1.2.0"
      }
    },
    "vue-tsc": {
      "version": "2.0.26",
      "dev": true,
      "requires": {
        "@volar/typescript": "~2.4.0-alpha.15",
        "@vue/language-core": "2.0.26",
        "semver": "^7.5.4"
      }
    },
    "vuedraggable": {
      "version": "4.1.0",
      "requires": {
        "sortablejs": "1.14.0"
      }
    },
    "which": {
      "version": "2.0.2",
      "dev": true,
      "requires": {
        "isexe": "^2.0.0"
      }
    }
  }
}
